
Microsoft Visual Studio Solution File, Format Version 12.00
# Visual Studio Version 16
VisualStudioVersion = 16.0.30907.101
MinimumVisualStudioVersion = 10.0.40219.1
Project("{FAE04EC0-301F-11D3-BF4B-00C04F79EFBC}") = "Eindproject 6v", "Eindproject 6v\Eindproject 6v.csproj", "{B042B2F9-C01F-47A9-965C-5F27D7E0B901}"
EndProject
Global
	GlobalSection(SolutionConfigurationPlatforms) = preSolution
		Debug|Any CPU = Debug|Any CPU
		Release|Any CPU = Release|Any CPU
	EndGlobalSection
	GlobalSection(ProjectConfigurationPlatforms) = postSolution
		{B042B2F9-C01F-47A9-965C-5F27D7E0B901}.Debug|Any CPU.ActiveCfg = Debug|Any CPU
		{B042B2F9-C01F-47A9-965C-5F27D7E0B901}.Debug|Any CPU.Build.0 = Debug|Any CPU
		{B042B2F9-C01F-47A9-965C-5F27D7E0B901}.Release|Any CPU.ActiveCfg = Release|Any CPU
		{B042B2F9-C01F-47A9-965C-5F27D7E0B901}.Release|Any CPU.Build.0 = Release|Any CPU
	EndGlobalSection
	GlobalSection(SolutionProperties) = preSolution
		HideSolutionNode = FALSE
	EndGlobalSection
	GlobalSection(ExtensibilityGlobals) = postSolution
		SolutionGuid = {D1FC0111-34BF-4FF1-B8F4-3C751ABDAFE4}
	EndGlobalSection
EndGlobal
